
Microsoft Visual Studio Solution File, Format Version 12.00
# Visual Studio Version 17
VisualStudioVersion = 17.14.36127.28
MinimumVisualStudioVersion = 10.0.40219.1
Project("{FAE04EC0-301F-11D3-BF4B-00C04F79EFBC}") = "Status", "Status\Status.csproj", "{ED2A2340-617C-4AC0-AC8E-1600A121349A}"
EndProject
Global
	GlobalSection(SolutionConfigurationPlatforms) = preSolution
		Debug|Any CPU = Debug|Any CPU
		Release|Any CPU = Release|Any CPU
	EndGlobalSection
	GlobalSection(ProjectConfigurationPlatforms) = postSolution
		{ED2A2340-617C-4AC0-AC8E-1600A121349A}.Debug|Any CPU.ActiveCfg = Debug|Any CPU
		{ED2A2340-617C-4AC0-AC8E-1600A121349A}.Debug|Any CPU.Build.0 = Debug|Any CPU
		{ED2A2340-617C-4AC0-AC8E-1600A121349A}.Release|Any CPU.ActiveCfg = Release|Any CPU
		{ED2A2340-617C-4AC0-AC8E-1600A121349A}.Release|Any CPU.Build.0 = Release|Any CPU
	EndGlobalSection
	GlobalSection(SolutionProperties) = preSolution
		HideSolutionNode = FALSE
	EndGlobalSection
	GlobalSection(ExtensibilityGlobals) = postSolution
		SolutionGuid = {BB97A3FC-AD2A-438C-A1BA-A7EFBAF26039}
	EndGlobalSection
EndGlobal
